
Microsoft Visual Studio Solution File, Format Version 12.00
# Visual Studio Version 17
VisualStudioVersion = 17.5.33516.290
MinimumVisualStudioVersion = 10.0.40219.1
Project("{FAE04EC0-301F-11D3-BF4B-00C04F79EFBC}") = "TanvasProject", "TanvasProject\TanvasProject.csproj", "{DAE04C75-620B-4139-AC29-7725E117EFAA}"
EndProject
Global
	GlobalSection(SolutionConfigurationPlatforms) = preSolution
		Debug|Any CPU = Debug|Any CPU
		Release|Any CPU = Release|Any CPU
	EndGlobalSection
	GlobalSection(ProjectConfigurationPlatforms) = postSolution
		{DAE04C75-620B-4139-AC29-7725E117EFAA}.Debug|Any CPU.ActiveCfg = Debug|Any CPU
		{DAE04C75-620B-4139-AC29-7725E117EFAA}.Debug|Any CPU.Build.0 = Debug|Any CPU
		{DAE04C75-620B-4139-AC29-7725E117EFAA}.Release|Any CPU.ActiveCfg = Release|Any CPU
		{DAE04C75-620B-4139-AC29-7725E117EFAA}.Release|Any CPU.Build.0 = Release|Any CPU
	EndGlobalSection
	GlobalSection(SolutionProperties) = preSolution
		HideSolutionNode = FALSE
	EndGlobalSection
	GlobalSection(ExtensibilityGlobals) = postSolution
		SolutionGuid = {47070407-49C8-4C0E-899E-252ED9E2FA19}
	EndGlobalSection
EndGlobal
